
Microsoft Visual Studio Solution File, Format Version 12.00
# Visual Studio Version 17
VisualStudioVersion = 17.5.33516.290
MinimumVisualStudioVersion = 10.0.40219.1
Project("{FAE04EC0-301F-11D3-BF4B-00C04F79EFBC}") = "FinalProject", "FinalProject\FinalProject.csproj", "{176D6FFC-9F44-4BB2-9FDD-826EB8FEE684}"
EndProject
Global
	GlobalSection(SolutionConfigurationPlatforms) = preSolution
		Debug|Any CPU = Debug|Any CPU
		Release|Any CPU = Release|Any CPU
	EndGlobalSection
	GlobalSection(ProjectConfigurationPlatforms) = postSolution
		{176D6FFC-9F44-4BB2-9FDD-826EB8FEE684}.Debug|Any CPU.ActiveCfg = Debug|Any CPU
		{176D6FFC-9F44-4BB2-9FDD-826EB8FEE684}.Debug|Any CPU.Build.0 = Debug|Any CPU
		{176D6FFC-9F44-4BB2-9FDD-826EB8FEE684}.Release|Any CPU.ActiveCfg = Release|Any CPU
		{176D6FFC-9F44-4BB2-9FDD-826EB8FEE684}.Release|Any CPU.Build.0 = Release|Any CPU
	EndGlobalSection
	GlobalSection(SolutionProperties) = preSolution
		HideSolutionNode = FALSE
	EndGlobalSection
	GlobalSection(ExtensibilityGlobals) = postSolution
		SolutionGuid = {C2E0ED94-4E87-42C0-8830-DC6C75EE61E3}
	EndGlobalSection
EndGlobal
